lockfileVersion: '9.0'

settings:
  autoInstallPeers: true
  excludeLinksFromLockfile: false

importers:

  .:
    devDependencies:
      '@eslint/js':
        specifier: ^9.17.0
        version: 9.39.4
      '@types/js-yaml':
        specifier: ^4.0.9
        version: 4.0.9
      '@types/node':
        specifier: ^22.10.2
        version: 22.19.19
      '@typescript-eslint/utils':
        specifier: ^8.18.1
        version: 8.60.0(eslint@9.39.4(jiti@2.7.0))(typescript@5.9.3)
      '@vitest/coverage-v8':
        specifier: ^2.1.8
        version: 2.1.9(vitest@2.1.9(@types/node@22.19.19)(jsdom@25.0.1)(msw@2.14.6(@types/node@22.19.19)(typescript@5.9.3)))
      eslint:
        specifier: ^9.17.0
        version: 9.39.4(jiti@2.7.0)
      eslint-config-prettier:
        specifier: ^9.1.0
        version: 9.1.2(eslint@9.39.4(jiti@2.7.0))
      eslint-import-resolver-typescript:
        specifier: ^3.7.0
        version: 3.10.1(eslint-plugin-import@2.32.0)(eslint@9.39.4(jiti@2.7.0))
      eslint-plugin-import:
        specifier: ^2.31.0
        version: 2.32.0(@typescript-eslint/parser@8.60.0(eslint@9.39.4(jiti@2.7.0))(typescript@5.9.3))(eslint-import-resolver-typescript@3.10.1)(eslint@9.39.4(jiti@2.7.0))
      globals:
        specifier: ^15.14.0
        version: 15.15.0
      js-yaml:
        specifier: ^4.1.1
        version: 4.1.1
      prettier:
        specifier: ^3.4.2
        version: 3.8.3
      turbo:
        specifier: ^2.3.3
        version: 2.9.16
      typescript:
        specifier: ^5.7.2
        version: 5.9.3
      typescript-eslint:
        specifier: ^8.18.1
        version: 8.60.0(eslint@9.39.4(jiti@2.7.0))(typescript@5.9.3)
      vitest:
        specifier: ^2.1.8
        version: 2.1.9(@types/node@22.19.19)(jsdom@25.0.1)(msw@2.14.6(@types/node@22.19.19)(typescript@5.9.3))

  client:
    dependencies:
      '@emotion/react':
        specifier: ^11.13.5
        version: 11.14.0(@types/react@19.2.15)(react@19.2.6)
      '@emotion/styled':
        specifier: ^11.13.5
        version: 11.14.1(@emotion/react@11.14.0(@types/react@19.2.15)(react@19.2.6))(@types/react@19.2.15)(react@19.2.6)
      '@hatchery/common':
        specifier: workspace:*
        version: link:../common
      '@mui/material':
        specifier: ^6.1.10
        version: 6.5.0(@emotion/react@11.14.0(@types/react@19.2.15)(react@19.2.6))(@emotion/styled@11.14.1(@emotion/react@11.14.0(@types/react@19.2.15)(react@19.2.6))(@types/react@19.2.15)(react@19.2.6))(@types/react@19.2.15)(react-dom@19.2.6(react@19.2.6))(react@19.2.6)
      '@tanstack/react-form':
        specifier: ^1.33.0
        version: 1.33.0(react-dom@19.2.6(react@19.2.6))(react@19.2.6)
      '@tanstack/react-query':
        specifier: ^5.62.7
        version: 5.100.14(react@19.2.6)
      '@tanstack/react-router':
        specifier: ^1.87.0
        version: 1.170.10(react-dom@19.2.6(react@19.2.6))(react@19.2.6)
      openapi-fetch:
        specifier: ^0.17.0
        version: 0.17.0
      react:
        specifier: ^19.0.0
        version: 19.2.6
      react-dom:
        specifier: ^19.0.0
        version: 19.2.6(react@19.2.6)
      zod:
        specifier: ^3.24.1
        version: 3.25.76
    devDependencies:
      '@testing-library/jest-dom':
        specifier: ^6.6.3
        version: 6.9.1
      '@testing-library/react':
        specifier: ^16.1.0
        version: 16.3.2(@testing-library/dom@10.4.1)(@types/react-dom@19.2.3(@types/react@19.2.15))(@types/react@19.2.15)(react-dom@19.2.6(react@19.2.6))(react@19.2.6)
      '@testing-library/user-event':
        specifier: ^14.5.2
        version: 14.6.1(@testing-library/dom@10.4.1)
      '@types/react':
        specifier: ^19.0.1
        version: 19.2.15
      '@types/react-dom':
        specifier: ^19.0.2
        version: 19.2.3(@types/react@19.2.15)
      '@vitejs/plugin-react':
        specifier: ^4.3.4
        version: 4.7.0(vite@6.4.2(@types/node@22.19.19)(jiti@2.7.0)(tsx@4.22.3)(yaml@2.9.0))
      jsdom:
        specifier: ^25.0.1
        version: 25.0.1
      msw:
        specifier: ^2.7.0
        version: 2.14.6(@types/node@22.19.19)(typescript@5.9.3)
      msw-storybook-addon:
        specifier: ^2.0.0
        version: 2.0.7(msw@2.14.6(@types/node@22.19.19)(typescript@5.9.3))
      openapi-typescript:
        specifier: ^7.13.0
        version: 7.13.0(typescript@5.9.3)
      vite:
        specifier: ^6.0.3
        version: 6.4.2(@types/node@22.19.19)(jiti@2.7.0)(tsx@4.22.3)(yaml@2.9.0)
      wrangler:
        specifier: ^3.90.0
        version: 3.114.17

  common:
    dependencies:
      zod:
        specifier: ^3.24.1
        version: 3.25.76

  docs:
    dependencies:
      '@emotion/react':
        specifier: ^11.13.5
        version: 11.14.0(@types/react@19.2.15)(react@19.2.6)
      '@emotion/styled':
        specifier: ^11.13.5
        version: 11.14.1(@emotion/react@11.14.0(@types/react@19.2.15)(react@19.2.6))(@types/react@19.2.15)(react@19.2.6)
      '@hatchery/client':
        specifier: workspace:*
        version: link:../client
      '@hatchery/common':
        specifier: workspace:*
        version: link:../common
      '@mui/material':
        specifier: ^6.1.10
        version: 6.5.0(@emotion/react@11.14.0(@types/react@19.2.15)(react@19.2.6))(@emotion/styled@11.14.1(@emotion/react@11.14.0(@types/react@19.2.15)(react@19.2.6))(@types/react@19.2.15)(react@19.2.6))(@types/react@19.2.15)(react-dom@19.2.6(react@19.2.6))(react@19.2.6)
      react:
        specifier: ^19.0.0
        version: 19.2.6
      react-dom:
        specifier: ^19.0.0
        version: 19.2.6(react@19.2.6)
    devDependencies:
      '@storybook/addon-essentials':
        specifier: ^8.0.0
        version: 8.6.14(@types/react@19.2.15)(storybook@8.6.18(prettier@3.8.3))
      '@storybook/blocks':
        specifier: ^8.0.0
        version: 8.6.14(react-dom@19.2.6(react@19.2.6))(react@19.2.6)(storybook@8.6.18(prettier@3.8.3))
      '@storybook/react':
        specifier: ^8.0.0
        version: 8.6.18(react-dom@19.2.6(react@19.2.6))(react@19.2.6)(storybook@8.6.18(prettier@3.8.3))(typescript@5.9.3)
      '@storybook/react-vite':
        specifier: ^8.0.0
        version: 8.6.18(react-dom@19.2.6(react@19.2.6))(react@19.2.6)(rollup@4.60.4)(storybook@8.6.18(prettier@3.8.3))(typescript@5.9.3)(vite@6.4.2(@types/node@22.19.19)(jiti@2.7.0)(tsx@4.22.3)(yaml@2.9.0))
      '@tanstack/react-query':
        specifier: ^5.62.7
        version: 5.100.14(react@19.2.6)
      '@types/react':
        specifier: ^19.0.1
        version: 19.2.15
      '@types/react-dom':
        specifier: ^19.0.2
        version: 19.2.3(@types/react@19.2.15)
      msw-storybook-addon:
        specifier: ^2.0.0
        version: 2.0.7(msw@2.14.6(@types/node@22.19.19)(typescript@5.9.3))
      storybook:
        specifier: ^8.0.0
        version: 8.6.18(prettier@3.8.3)
      vite:
        specifier: ^6.0.3
        version: 6.4.2(@types/node@22.19.19)(jiti@2.7.0)(tsx@4.22.3)(yaml@2.9.0)

  server:
    dependencies:
      '@anthropic-ai/sdk':
        specifier: ^0.100.1
        version: 0.100.1(zod@3.25.76)
      '@asteasolutions/zod-to-openapi':
        specifier: ^7.3.4
        version: 7.3.4(zod@3.25.76)
      '@hatchery/common':
        specifier: workspace:*
        version: link:../common
      '@octokit/rest':
        specifier: ^22.0.1
        version: 22.0.1
      '@prisma/client':
        specifier: ^6
        version: 6.19.3(prisma@6.19.3(magicast@0.3.5)(typescript@5.9.3))(typescript@5.9.3)
      bcrypt:
        specifier: ^6.0.0
        version: 6.0.0
      cheerio:
        specifier: ^1.2.0
        version: 1.2.0
      connect-pg-simple:
        specifier: ^10.0.0
        version: 10.0.0
      express:
        specifier: ^5.0.0
        version: 5.2.1
      express-rate-limit:
        specifier: ^7.5.0
        version: 7.5.1(express@5.2.1)
      express-session:
        specifier: ^1.19.0
        version: 1.19.0
      morgan:
        specifier: ^1.11.0
        version: 1.11.0
      passport:
        specifier: ^0.7.0
        version: 0.7.0
      passport-local:
        specifier: ^1.0.0
        version: 1.0.0
      pg:
        specifier: ^8.21.0
        version: 8.21.0
      zod:
        specifier: ^3.24.1
        version: 3.25.76
    devDependencies:
      '@types/bcrypt':
        specifier: ^6.0.0
        version: 6.0.0
      '@types/connect-pg-simple':
        specifier: ^7.0.3
        version: 7.0.3
      '@types/express':
        specifier: ^5
        version: 5.0.6
      '@types/express-session':
        specifier: ^1.19.0
        version: 1.19.0
      '@types/morgan':
        specifier: ^1.9.10
        version: 1.9.10
      '@types/passport':
        specifier: ^1.0.17
        version: 1.0.17
      '@types/passport-local':
        specifier: ^1.0.38
        version: 1.0.38
      '@types/pg':
        specifier: ^8.20.0
        version: 8.20.0
      '@types/supertest':
        specifier: ^6
        version: 6.0.3
      openapi3-ts:
        specifier: ^4.5.0
        version: 4.5.0
      prisma:
        specifier: ^6
        version: 6.19.3(magicast@0.3.5)(typescript@5.9.3)
      supertest:
        specifier: ^7
        version: 7.2.2
      tsx:
        specifier: ^4
        version: 4.22.3
